// !$*UTF8*$!
{
	archiveVersion = 1;
	classes = {
	};
	objectVersion = 50;
	objects = {

/* Begin PBXBuildFile section */
		15D2534B25CC09C70085C0F4 /* voiceApp.swift in Sources */ = {isa = PBXBuildFile; fileRef = 15D2534A25CC09C70085C0F4 /* voiceApp.swift */; };
		15D2534D25CC09C70085C0F4 /* ContentView.swift in Sources */ = {isa = PBXBuildFile; fileRef = 15D2534C25CC09C70085C0F4 /* ContentView.swift */; };
		15D2534F25CC09CB0085C0F4 /* Assets.xcassets in Resources */ = {isa = PBXBuildFile; fileRef = 15D2534E25CC09CB0085C0F4 /* Assets.xcassets */; };
		15D2535225CC09CB0085C0F4 /* Preview Assets.xcassets in Resources */ = {isa = PBXBuildFile; fileRef = 15D2535125CC09CB0085C0F4 /* Preview Assets.xcassets */; };
		15D2535E25CC09CC0085C0F4 /* voiceTests.swift in Sources */ = {isa = PBXBuildFile; fileRef = 15D2535D25CC09CC0085C0F4 /* voiceTests.swift */; };
		15D2536925CC09CC0085C0F4 /* voiceUITests.swift in Sources */ = {isa = PBXBuildFile; fileRef = 15D2536825CC09CC0085C0F4 /* voiceUITests.swift */; };
/* End PBXBuildFile section */

/* Begin PBXContainerItemProxy section */
		15D2535A25CC09CC0085C0F4 /* PBXContainerItemProxy */ = {
			isa = PBXContainerItemProxy;
			containerPortal = 15D2533F25CC09C70085C0F4 /* Project object */;
			proxyType = 1;
			remoteGlobalIDString = 15D2534625CC09C70085C0F4;
			remoteInfo = voice;
		};
		15D2536525CC09CC0085C0F4 /* PBXContainerItemProxy */ = {
			isa = PBXContainerItemProxy;
			containerPortal = 15D2533F25CC09C70085C0F4 /* Project object */;
			proxyType = 1;
			remoteGlobalIDString = 15D2534625CC09C70085C0F4;
			remoteInfo = voice;
		};
/* End PBXContainerItemProxy section */

/* Begin PBXFileReference section */
		15D2534725CC09C70085C0F4 /* voice.app */ = {isa = PBXFileReference; explicitFileType = wrapper.application; includeInIndex = 0; path = voice.app; sourceTree = BUILT_PRODUCTS_DIR; };
		15D2534A25CC09C70085C0F4 /* voiceApp.swift */ = {isa = PBXFileReference; lastKnownFileType = sourcecode.swift; path = voiceApp.swift; sourceTree = "<group>"; };
		15D2534C25CC09C70085C0F4 /* ContentView.swift */ = {isa = PBXFileReference; lastKnownFileType = sourcecode.swift; path = ContentView.swift; sourceTree = "<group>"; };
		15D2534E25CC09CB0085C0F4 /* Assets.xcassets */ = {isa = PBXFileReference; lastKnownFileType = folder.assetcatalog; path = Assets.xcassets; sourceTree = "<group>"; };
		15D2535125CC09CB0085C0F4 /* Preview Assets.xcassets */ = {isa = PBXFileReference; lastKnownFileType = folder.assetcatalog; path = "Preview Assets.xcassets"; sourceTree = "<group>"; };
		15D2535325CC09CB0085C0F4 /* Info.plist */ = {isa = PBXFileReference; lastKnownFileType = text.plist.xml; path = Info.plist; sourceTree = "<group>"; };
		15D2535425CC09CB0085C0F4 /* voice.entitlements */ = {isa = PBXFileReference; lastKnownFileType = text.plist.entitlements; path = voice.entitlements; sourceTree = "<group>"; };
		15D2535925CC09CC0085C0F4 /* voiceTests.xctest */ = {isa = PBXFileReference; explicitFileType = wrapper.cfbundle; includeInIndex = 0; path = voiceTests.xctest; sourceTree = BUILT_PRODUCTS_DIR; };
		15D2535D25CC09CC0085C0F4 /* voiceTests.swift */ = {isa = PBXFileReference; lastKnownFileType = sourcecode.swift; path = voiceTests.swift; sourceTree = "<group>"; };
		15D2535F25CC09CC0085C0F4 /* Info.plist */ = {isa = PBXFileReference; lastKnownFileType = text.plist.xml; path = Info.plist; sourceTree = "<group>"; };
		15D2536425CC09CC0085C0F4 /* voiceUITests.xctest */ = {isa = PBXFileReference; explicitFileType = wrapper.cfbundle; includeInIndex = 0; path = voiceUITests.xctest; sourceTree = BUILT_PRODUCTS_DIR; };
		15D2536825CC09CC0085C0F4 /* voiceUITests.swift */ = {isa = PBXFileReference; lastKnownFileType = sourcecode.swift; path = voiceUITests.swift; sourceTree = "<group>"; };
		15D2536A25CC09CC0085C0F4 /* Info.plist */ = {isa = PBXFileReference; lastKnownFileType = text.plist.xml; path = Info.plist; sourceTree = "<group>"; };
/* End PBXFileReference section */

/* Begin PBXFrameworksBuildPhase section */
		15D2534425CC09C70085C0F4 /* Frameworks */ = {
			isa = PBXFrameworksBuildPhase;
			buildActionMask = 2147483647;
			files = (
			);
			runOnlyForDeploymentPostprocessing = 0;
		};
		15D2535625CC09CC0085C0F4 /* Frameworks */ = {
			isa = PBXFrameworksBuildPhase;
			buildActionMask = 2147483647;
			files = (
			);
			runOnlyForDeploymentPostprocessing = 0;
		};
		15D2536125CC09CC0085C0F4 /* Frameworks */ = {
			isa = PBXFrameworksBuildPhase;
			buildActionMask = 2147483647;
			files = (
			);
			runOnlyForDeploymentPostprocessing = 0;
		};
/* End PBXFrameworksBuildPhase section */

/* Begin PBXGroup section */
		15D2533E25CC09C70085C0F4 = {
			isa = PBXGroup;
			children = (
				15D2534925CC09C70085C0F4 /* voice */,
				15D2535C25CC09CC0085C0F4 /* voiceTests */,
				15D2536725CC09CC0085C0F4 /* voiceUITests */,
				15D2534825CC09C70085C0F4 /* Products */,
			);
			sourceTree = "<group>";
		};
		15D2534825CC09C70085C0F4 /* Products */ = {
			isa = PBXGroup;
			children = (
				15D2534725CC09C70085C0F4 /* voice.app */,
				15D2535925CC09CC0085C0F4 /* voiceTests.xctest */,
				15D2536425CC09CC0085C0F4 /* voiceUITests.xctest */,
			);
			name = Products;
			sourceTree = "<group>";
		};
		15D2534925CC09C70085C0F4 /* voice */ = {
			isa = PBXGroup;
			children = (
				15D2534A25CC09C70085C0F4 /* voiceApp.swift */,
				15D2534C25CC09C70085C0F4 /* ContentView.swift */,
				15D2534E25CC09CB0085C0F4 /* Assets.xcassets */,
				15D2535325CC09CB0085C0F4 /* Info.plist */,
				15D2535425CC09CB0085C0F4 /* voice.entitlements */,
				15D2535025CC09CB0085C0F4 /* Preview Content */,
			);
			path = voice;
			sourceTree = "<group>";
		};
		15D2535025CC09CB0085C0F4 /* Preview Content */ = {
			isa = PBXGroup;
			children = (
				15D2535125CC09CB0085C0F4 /* Preview Assets.xcassets */,
			);
			path = "Preview Content";
			sourceTree = "<group>";
		};
		15D2535C25CC09CC0085C0F4 /* voiceTests */ = {
			isa = PBXGroup;
			children = (
				15D2535D25CC09CC0085C0F4 /* voiceTests.swift */,
				15D2535F25CC09CC0085C0F4 /* Info.plist */,
			);
			path = voiceTests;
			sourceTree = "<group>";
		};
		15D2536725CC09CC0085C0F4 /* voiceUITests */ = {
			isa = PBXGroup;
			children = (
				15D2536825CC09CC0085C0F4 /* voiceUITests.swift */,
				15D2536A25CC09CC0085C0F4 /* Info.plist */,
			);
			path = voiceUITests;
			sourceTree = "<group>";
		};
/* End PBXGroup section */

/* Begin PBXNativeTarget section */
		15D2534625CC09C70085C0F4 /* voice */ = {
			isa = PBXNativeTarget;
			buildConfigurationList = 15D2536D25CC09CC0085C0F4 /* Build configuration list for PBXNativeTarget "voice" */;
			buildPhases = (
				15D2534325CC09C70085C0F4 /* Sources */,
				15D2534425CC09C70085C0F4 /* Frameworks */,
				15D2534525CC09C70085C0F4 /* Resources */,
			);
			buildRules = (
			);
			dependencies = (
			);
			name = voice;
			productName = voice;
			productReference = 15D2534725CC09C70085C0F4 /* voice.app */;
			productType = "com.apple.product-type.application";
		};
		15D2535825CC09CC0085C0F4 /* voiceTests */ = {
			isa = PBXNativeTarget;
			buildConfigurationList = 15D2537025CC09CC0085C0F4 /* Build configuration list for PBXNativeTarget "voiceTests" */;
			buildPhases = (
				15D2535525CC09CC0085C0F4 /* Sources */,
				15D2535625CC09CC0085C0F4 /* Frameworks */,
				15D2535725CC09CC0085C0F4 /* Resources */,
			);
			buildRules = (
			);
			dependencies = (
				15D2535B25CC09CC0085C0F4 /* PBXTargetDependency */,
			);
			name = voiceTests;
			productName = voiceTests;
			productReference = 15D2535925CC09CC0085C0F4 /* voiceTests.xctest */;
			productType = "com.apple.product-type.bundle.unit-test";
		};
		15D2536325CC09CC0085C0F4 /* voiceUITests */ = {
			isa = PBXNativeTarget;
			buildConfigurationList = 15D2537325CC09CC0085C0F4 /* Build configuration list for PBXNativeTarget "voiceUITests" */;
			buildPhases = (
				15D2536025CC09CC0085C0F4 /* Sources */,
				15D2536125CC09CC0085C0F4 /* Frameworks */,
				15D2536225CC09CC0085C0F4 /* Resources */,
			);
			buildRules = (
			);
			dependencies = (
				15D2536625CC09CC0085C0F4 /* PBXTargetDependency */,
			);
			name = voiceUITests;
			productName = voiceUITests;
			productReference = 15D2536425CC09CC0085C0F4 /* voiceUITests.xctest */;
			productType = "com.apple.product-type.bundle.ui-testing";
		};
/* End PBXNativeTarget section */

/* Begin PBXProject section */
		15D2533F25CC09C70085C0F4 /* Project object */ = {
			isa = PBXProject;
			attributes = {
				LastSwiftUpdateCheck = 1240;
				LastUpgradeCheck = 1240;
				TargetAttributes = {
					15D2534625CC09C70085C0F4 = {
						CreatedOnToolsVersion = 12.4;
					};
					15D2535825CC09CC0085C0F4 = {
						CreatedOnToolsVersion = 12.4;
						TestTargetID = 15D2534625CC09C70085C0F4;
					};
					15D2536325CC09CC0085C0F4 = {
						CreatedOnToolsVersion = 12.4;
						TestTargetID = 15D2534625CC09C70085C0F4;
					};
				};
			};
			buildConfigurationList = 15D2534225CC09C70085C0F4 /* Build configuration list for PBXProject "voice" */;
			compatibilityVersion = "Xcode 9.3";
			developmentRegion = en;
			hasScannedForEncodings = 0;
			knownRegions = (
				en,
				Base,
			);
			mainGroup = 15D2533E25CC09C70085C0F4;
			productRefGroup = 15D2534825CC09C70085C0F4 /* Products */;
			projectDirPath = "";
			projectRoot = "";
			targets = (
				15D2534625CC09C70085C0F4 /* voice */,
				15D2535825CC09CC0085C0F4 /* voiceTests */,
				15D2536325CC09CC0085C0F4 /* voiceUITests */,
			);
		};
/* End PBXProject section */

/* Begin PBXResourcesBuildPhase section */
		15D2534525CC09C70085C0F4 /* Resources */ = {
			isa = PBXResourcesBuildPhase;
			buildActionMask = 2147483647;
			files = (
				15D2535225CC09CB0085C0F4 /* Preview Assets.xcassets in Resources */,
				15D2534F25CC09CB0085C0F4 /* Assets.xcassets in Resources */,
			);
			runOnlyForDeploymentPostprocessing = 0;
		};
		15D2535725CC09CC0085C0F4 /* Resources */ = {
			isa = PBXResourcesBuildPhase;
			buildActionMask = 2147483647;
			files = (
			);
			runOnlyForDeploymentPostprocessing = 0;
		};
		15D2536225CC09CC0085C0F4 /* Resources */ = {
			isa = PBXResourcesBuildPhase;
			buildActionMask = 2147483647;
			files = (
			);
			runOnlyForDeploymentPostprocessing = 0;
		};
/* End PBXResourcesBuildPhase section */

/* Begin PBXSourcesBuildPhase section */
		15D2534325CC09C70085C0F4 /* Sources */ = {
			isa = PBXSourcesBuildPhase;
			buildActionMask = 2147483647;
			files = (
				15D2534D25CC09C70085C0F4 /* ContentView.swift in Sources */,
				15D2534B25CC09C70085C0F4 /* voiceApp.swift in Sources */,
			);
			runOnlyForDeploymentPostprocessing = 0;
		};
		15D2535525CC09CC0085C0F4 /* Sources */ = {
			isa = PBXSourcesBuildPhase;
			buildActionMask = 2147483647;
			files = (
				15D2535E25CC09CC0085C0F4 /* voiceTests.swift in Sources */,
			);
			runOnlyForDeploymentPostprocessing = 0;
		};
		15D2536025CC09CC0085C0F4 /* Sources */ = {
			isa = PBXSourcesBuildPhase;
			buildActionMask = 2147483647;
			files = (
				15D2536925CC09CC0085C0F4 /* voiceUITests.swift in Sources */,
			);
			runOnlyForDeploymentPostprocessing = 0;
		};
/* End PBXSourcesBuildPhase section */

/* Begin PBXTargetDependency section */
		15D2535B25CC09CC0085C0F4 /* PBXTargetDependency */ = {
			isa = PBXTargetDependency;
			target = 15D2534625CC09C70085C0F4 /* voice */;
			targetProxy = 15D2535A25CC09CC0085C0F4 /* PBXContainerItemProxy */;
		};
		15D2536625CC09CC0085C0F4 /* PBXTargetDependency */ = {
			isa = PBXTargetDependency;
			target = 15D2534625CC09C70085C0F4 /* voice */;
			targetProxy = 15D2536525CC09CC0085C0F4 /* PBXContainerItemProxy */;
		};
/* End PBXTargetDependency section */

/* Begin XCBuildConfiguration section */
		15D2536B25CC09CC0085C0F4 /* Debug */ = {
			isa = XCBuildConfiguration;
			buildSettings = {
				ALWAYS_SEARCH_USER_PATHS = NO;
				CLANG_ANALYZER_NONNULL = YES;
				CLANG_ANALYZER_NUMBER_OBJECT_CONVERSION = YES_AGGRESSIVE;
				CLANG_CXX_LANGUAGE_STANDARD = "gnu++14";
				CLANG_CXX_LIBRARY = "libc++";
				CLANG_ENABLE_MODULES = YES;
				CLANG_ENABLE_OBJC_ARC = YES;
				CLANG_ENABLE_OBJC_WEAK = YES;
				CLANG_WARN_BLOCK_CAPTURE_AUTORELEASING = YES;
				CLANG_WARN_BOOL_CONVERSION = YES;
				CLANG_WARN_COMMA = YES;
				CLANG_WARN_CONSTANT_CONVERSION = YES;
				CLANG_WARN_DEPRECATED_OBJC_IMPLEMENTATIONS = YES;
				CLANG_WARN_DIRECT_OBJC_ISA_USAGE = YES_ERROR;
				CLANG_WARN_DOCUMENTATION_COMMENTS = YES;
				CLANG_WARN_EMPTY_BODY = YES;
				CLANG_WARN_ENUM_CONVERSION = YES;
				CLANG_WARN_INFINITE_RECURSION = YES;
				CLANG_WARN_INT_CONVERSION = YES;
				CLANG_WARN_NON_LITERAL_NULL_CONVERSION = YES;
				CLANG_WARN_OBJC_IMPLICIT_RETAIN_SELF = YES;
				CLANG_WARN_OBJC_LITERAL_CONVERSION = YES;
				CLANG_WARN_OBJC_ROOT_CLASS = YES_ERROR;
				CLANG_WARN_QUOTED_INCLUDE_IN_FRAMEWORK_HEADER = YES;
				CLANG_WARN_RANGE_LOOP_ANALYSIS = YES;
				CLANG_WARN_STRICT_PROTOTYPES = YES;
				CLANG_WARN_SUSPICIOUS_MOVE = YES;
				CLANG_WARN_UNGUARDED_AVAILABILITY = YES_AGGRESSIVE;
				CLANG_WARN_UNREACHABLE_CODE = YES;
				CLANG_WARN__DUPLICATE_METHOD_MATCH = YES;
				COPY_PHASE_STRIP = NO;
				DEBUG_INFORMATION_FORMAT = dwarf;
				ENABLE_STRICT_OBJC_MSGSEND = YES;
				ENABLE_TESTABILITY = YES;
				GCC_C_LANGUAGE_STANDARD = gnu11;
				GCC_DYNAMIC_NO_PIC = NO;
				GCC_NO_COMMON_BLOCKS = YES;
				GCC_OPTIMIZATION_LEVEL = 0;
				GCC_PREPROCESSOR_DEFINITIONS = (
					"DEBUG=1",
					"$(inherited)",
				);
				GCC_WARN_64_TO_32_BIT_CONVERSION = YES;
				GCC_WARN_ABOUT_RETURN_TYPE = YES_ERROR;
				GCC_WARN_UNDECLARED_SELECTOR = YES;
				GCC_WARN_UNINITIALIZED_AUTOS = YES_AGGRESSIVE;
				GCC_WARN_UNUSED_FUNCTION = YES;
				GCC_WARN_UNUSED_VARIABLE = YES;
				MACOSX_DEPLOYMENT_TARGET = 10.15;
				MTL_ENABLE_DEBUG_INFO = INCLUDE_SOURCE;
				MTL_FAST_MATH = YES;
				ONLY_ACTIVE_ARCH = YES;
				SDKROOT = macosx;
				SWIFT_ACTIVE_COMPILATION_CONDITIONS = DEBUG;
				SWIFT_OPTIMIZATION_LEVEL = "-Onone";
			};
			name = Debug;
		};
		15D2536C25CC09CC0085C0F4 /* Release */ = {
			isa = XCBuildConfiguration;
			buildSettings = {
				ALWAYS_SEARCH_USER_PATHS = NO;
				CLANG_ANALYZER_NONNULL = YES;
				CLANG_ANALYZER_NUMBER_OBJECT_CONVERSION = YES_AGGRESSIVE;
				CLANG_CXX_LANGUAGE_STANDARD = "gnu++14";
				CLANG_CXX_LIBRARY = "libc++";
				CLANG_ENABLE_MODULES = YES;
				CLANG_ENABLE_OBJC_ARC = YES;
				CLANG_ENABLE_OBJC_WEAK = YES;
				CLANG_WARN_BLOCK_CAPTURE_AUTORELEASING = YES;
				CLANG_WARN_BOOL_CONVERSION = YES;
				CLANG_WARN_COMMA = YES;
				CLANG_WARN_CONSTANT_CONVERSION = YES;
				CLANG_WARN_DEPRECATED_OBJC_IMPLEMENTATIONS = YES;
				CLANG_WARN_DIRECT_OBJC_ISA_USAGE = YES_ERROR;
				CLANG_WARN_DOCUMENTATION_COMMENTS = YES;
				CLANG_WARN_EMPTY_BODY = YES;
				CLANG_WARN_ENUM_CONVERSION = YES;
				CLANG_WARN_INFINITE_RECURSION = YES;
				CLANG_WARN_INT_CONVERSION = YES;
				CLANG_WARN_NON_LITERAL_NULL_CONVERSION = YES;
				CLANG_WARN_OBJC_IMPLICIT_RETAIN_SELF = YES;
				CLANG_WARN_OBJC_LITERAL_CONVERSION = YES;
				CLANG_WARN_OBJC_ROOT_CLASS = YES_ERROR;
				CLANG_WARN_QUOTED_INCLUDE_IN_FRAMEWORK_HEADER = YES;
				CLANG_WARN_RANGE_LOOP_ANALYSIS = YES;
				CLANG_WARN_STRICT_PROTOTYPES = YES;
				CLANG_WARN_SUSPICIOUS_MOVE = YES;
				CLANG_WARN_UNGUARDED_AVAILABILITY = YES_AGGRESSIVE;
				CLANG_WARN_UNREACHABLE_CODE = YES;
				CLANG_WARN__DUPLICATE_METHOD_MATCH = YES;
				COPY_PHASE_STRIP = NO;
				DEBUG_INFORMATION_FORMAT = "dwarf-with-dsym";
				ENABLE_NS_ASSERTIONS = NO;
				ENABLE_STRICT_OBJC_MSGSEND = YES;
				GCC_C_LANGUAGE_STANDARD = gnu11;
				GCC_NO_COMMON_BLOCKS = YES;
				GCC_WARN_64_TO_32_BIT_CONVERSION = YES;
				GCC_WARN_ABOUT_RETURN_TYPE = YES_ERROR;
				GCC_WARN_UNDECLARED_SELECTOR = YES;
				GCC_WARN_UNINITIALIZED_AUTOS = YES_AGGRESSIVE;
				GCC_WARN_UNUSED_FUNCTION = YES;
				GCC_WARN_UNUSED_VARIABLE = YES;
				MACOSX_DEPLOYMENT_TARGET = 10.15;
				MTL_ENABLE_DEBUG_INFO = NO;
				MTL_FAST_MATH = YES;
				SDKROOT = macosx;
				SWIFT_COMPILATION_MODE = wholemodule;
				SWIFT_OPTIMIZATION_LEVEL = "-O";
			};
			name = Release;
		};
		15D2536E25CC09CC0085C0F4 /* Debug */ = {
			isa = XCBuildConfiguration;
			buildSettings = {
				ASSETCATALOG_COMPILER_APPICON_NAME = AppIcon;
				ASSETCATALOG_COMPILER_GLOBAL_ACCENT_COLOR_NAME = AccentColor;
				CODE_SIGN_ENTITLEMENTS = voice/voice.entitlements;
				CODE_SIGN_STYLE = Automatic;
				COMBINE_HIDPI_IMAGES = YES;
				DEVELOPMENT_ASSET_PATHS = "\"voice/Preview Content\"";
				ENABLE_PREVIEWS = YES;
				INFOPLIST_FILE = voice/Info.plist;
				LD_RUNPATH_SEARCH_PATHS = (
					"$(inherited)",
					"@executable_path/../Frameworks",
				);
				MACOSX_DEPLOYMENT_TARGET = 11.0;
				PRODUCT_BUNDLE_IDENTIFIER = "ryosuke-sasaki.voice";
				PRODUCT_NAME = "$(TARGET_NAME)";
				SWIFT_VERSION = 5.0;
			};
			name = Debug;
		};
		15D2536F25CC09CC0085C0F4 /* Release */ = {
			isa = XCBuildConfiguration;
			buildSettings = {
				ASSETCATALOG_COMPILER_APPICON_NAME = AppIcon;
				ASSETCATALOG_COMPILER_GLOBAL_ACCENT_COLOR_NAME = AccentColor;
				CODE_SIGN_ENTITLEMENTS = voice/voice.entitlements;
				CODE_SIGN_STYLE = Automatic;
				COMBINE_HIDPI_IMAGES = YES;
				DEVELOPMENT_ASSET_PATHS = "\"voice/Preview Content\"";
				ENABLE_PREVIEWS = YES;
				INFOPLIST_FILE = voice/Info.plist;
				LD_RUNPATH_SEARCH_PATHS = (
					"$(inherited)",
					"@executable_path/../Frameworks",
				);
				MACOSX_DEPLOYMENT_TARGET = 11.0;
				PRODUCT_BUNDLE_IDENTIFIER = "ryosuke-sasaki.voice";
				PRODUCT_NAME = "$(TARGET_NAME)";
				SWIFT_VERSION = 5.0;
			};
			name = Release;
		};
		15D2537125CC09CC0085C0F4 /* Debug */ = {
			isa = XCBuildConfiguration;
			buildSettings = {
				ALWAYS_EMBED_SWIFT_STANDARD_LIBRARIES = YES;
				BUNDLE_LOADER = "$(TEST_HOST)";
				CODE_SIGN_STYLE = Automatic;
				COMBINE_HIDPI_IMAGES = YES;
				INFOPLIST_FILE = voiceTests/Info.plist;
				LD_RUNPATH_SEARCH_PATHS = (
					"$(inherited)",
					"@executable_path/../Frameworks",
					"@loader_path/../Frameworks",
				);
				MACOSX_DEPLOYMENT_TARGET = 11.0;
				PRODUCT_BUNDLE_IDENTIFIER = "ryosuke-sasaki.voiceTests";
				PRODUCT_NAME = "$(TARGET_NAME)";
				SWIFT_VERSION = 5.0;
				TEST_HOST = "$(BUILT_PRODUCTS_DIR)/voice.app/Contents/MacOS/voice";
			};
			name = Debug;
		};
		15D2537225CC09CC0085C0F4 /* Release */ = {
			isa = XCBuildConfiguration;
			buildSettings = {
				ALWAYS_EMBED_SWIFT_STANDARD_LIBRARIES = YES;
				BUNDLE_LOADER = "$(TEST_HOST)";
				CODE_SIGN_STYLE = Automatic;
				COMBINE_HIDPI_IMAGES = YES;
				INFOPLIST_FILE = voiceTests/Info.plist;
				LD_RUNPATH_SEARCH_PATHS = (
					"$(inherited)",
					"@executable_path/../Frameworks",
					"@loader_path/../Frameworks",
				);
				MACOSX_DEPLOYMENT_TARGET = 11.0;
				PRODUCT_BUNDLE_IDENTIFIER = "ryosuke-sasaki.voiceTests";
				PRODUCT_NAME = "$(TARGET_NAME)";
				SWIFT_VERSION = 5.0;
				TEST_HOST = "$(BUILT_PRODUCTS_DIR)/voice.app/Contents/MacOS/voice";
			};
			name = Release;
		};
		15D2537425CC09CC0085C0F4 /* Debug */ = {
			isa = XCBuildConfiguration;
			buildSettings = {
				ALWAYS_EMBED_SWIFT_STANDARD_LIBRARIES = YES;
				CODE_SIGN_STYLE = Automatic;
				COMBINE_HIDPI_IMAGES = YES;
				INFOPLIST_FILE = voiceUITests/Info.plist;
				LD_RUNPATH_SEARCH_PATHS = (
					"$(inherited)",
					"@executable_path/../Frameworks",
					"@loader_path/../Frameworks",
				);
				PRODUCT_BUNDLE_IDENTIFIER = "ryosuke-sasaki.voiceUITests";
				PRODUCT_NAME = "$(TARGET_NAME)";
				SWIFT_VERSION = 5.0;
				TEST_TARGET_NAME = voice;
			};
			name = Debug;
		};
		15D2537525CC09CC0085C0F4 /* Release */ = {
			isa = XCBuildConfiguration;
			buildSettings = {
				ALWAYS_EMBED_SWIFT_STANDARD_LIBRARIES = YES;
				CODE_SIGN_STYLE = Automatic;
				COMBINE_HIDPI_IMAGES = YES;
				INFOPLIST_FILE = voiceUITests/Info.plist;
				LD_RUNPATH_SEARCH_PATHS = (
					"$(inherited)",
					"@executable_path/../Frameworks",
					"@loader_path/../Frameworks",
				);
				PRODUCT_BUNDLE_IDENTIFIER = "ryosuke-sasaki.voiceUITests";
				PRODUCT_NAME = "$(TARGET_NAME)";
				SWIFT_VERSION = 5.0;
				TEST_TARGET_NAME = voice;
			};
			name = Release;
		};
/* End XCBuildConfiguration section */

/* Begin XCConfigurationList section */
		15D2534225CC09C70085C0F4 /* Build configuration list for PBXProject "voice" */ = {
			isa = XCConfigurationList;
			buildConfigurations = (
				15D2536B25CC09CC0085C0F4 /* Debug */,
				15D2536C25CC09CC0085C0F4 /* Release */,
			);
			defaultConfigurationIsVisible = 0;
			defaultConfigurationName = Release;
		};
		15D2536D25CC09CC0085C0F4 /* Build configuration list for PBXNativeTarget "voice" */ = {
			isa = XCConfigurationList;
			buildConfigurations = (
				15D2536E25CC09CC0085C0F4 /* Debug */,
				15D2536F25CC09CC0085C0F4 /* Release */,
			);
			defaultConfigurationIsVisible = 0;
			defaultConfigurationName = Release;
		};
		15D2537025CC09CC0085C0F4 /* Build configuration list for PBXNativeTarget "voiceTests" */ = {
			isa = XCConfigurationList;
			buildConfigurations = (
				15D2537125CC09CC0085C0F4 /* Debug */,
				15D2537225CC09CC0085C0F4 /* Release */,
			);
			defaultConfigurationIsVisible = 0;
			defaultConfigurationName = Release;
		};
		15D2537325CC09CC0085C0F4 /* Build configuration list for PBXNativeTarget "voiceUITests" */ = {
			isa = XCConfigurationList;
			buildConfigurations = (
				15D2537425CC09CC0085C0F4 /* Debug */,
				15D2537525CC09CC0085C0F4 /* Release */,
			);
			defaultConfigurationIsVisible = 0;
			defaultConfigurationName = Release;
		};
/* End XCConfigurationList section */
	};
	rootObject = 15D2533F25CC09C70085C0F4 /* Project object */;
}
